
Microsoft Visual Studio Solution File, Format Version 12.00
# Visual Studio 15
VisualStudioVersion = 15.0.28010.2016
MinimumVisualStudioVersion = 10.0.40219.1
Project("{8BC9CEB8-8B4A-11D0-8D11-00A0C91BC942}") = "impromosaic", "impromosaic\impromosaic.vcxproj", "{565F04AE-1E83-4DD8-8FB7-4F200EDFB35E}"
EndProject
Global
	GlobalSection(SolutionConfigurationPlatforms) = preSolution
		Debug|x64 = Debug|x64
		Debug|x86 = Debug|x86
		Release|x64 = Release|x64
		Release|x86 = Release|x86
	EndGlobalSection
	GlobalSection(ProjectConfigurationPlatforms) = postSolution
		{565F04AE-1E83-4DD8-8FB7-4F200EDFB35E}.Debug|x64.ActiveCfg = Debug|x64
		{565F04AE-1E83-4DD8-8FB7-4F200EDFB35E}.Debug|x64.Build.0 = Debug|x64
		{565F04AE-1E83-4DD8-8FB7-4F200EDFB35E}.Debug|x86.ActiveCfg = Debug|Win32
		{565F04AE-1E83-4DD8-8FB7-4F200EDFB35E}.Debug|x86.Build.0 = Debug|Win32
		{565F04AE-1E83-4DD8-8FB7-4F200EDFB35E}.Release|x64.ActiveCfg = Release|x64
		{565F04AE-1E83-4DD8-8FB7-4F200EDFB35E}.Release|x64.Build.0 = Release|x64
		{565F04AE-1E83-4DD8-8FB7-4F200EDFB35E}.Release|x86.ActiveCfg = Release|Win32
		{565F04AE-1E83-4DD8-8FB7-4F200EDFB35E}.Release|x86.Build.0 = Release|Win32
	EndGlobalSection
	GlobalSection(SolutionProperties) = preSolution
		HideSolutionNode = FALSE
	EndGlobalSection
	GlobalSection(ExtensibilityGlobals) = postSolution
		SolutionGuid = {B0DF48C1-CCDE-4F64-96F5-8DFFA8034668}
	EndGlobalSection
EndGlobal
